{
  "name": "cry_baby",
  "version": "1.0.0",
  "lockfileVersion": 1,
  "requires": true,
  "dependencies": {
    "konva": {
      "version": "4.2.2",
      "resolved": "https://registry.npmjs.org/konva/-/konva-4.2.2.tgz",
      "integrity": "sha512-5vq/rKy35/gdMLipjcxgFz/LhJ/S8Ct/e1XntQmH1MSwN4rMP97Oera2PzxDh3DZPsrV6TETTKHNb1G7Jb6Z5A=="
    }
  }
}
