# THIS IS AN AUTOGENERATED FILE. DO NOT EDIT THIS FILE DIRECTLY.
# yarn lockfile v1


konva@^4.2.2:
  version "4.2.2"
  resolved "https://registry.yarnpkg.com/konva/-/konva-4.2.2.tgz#0f1799dbe0275bb8218a03549ce931e9006a696d"
  integrity sha512-5vq/rKy35/gdMLipjcxgFz/LhJ/S8Ct/e1XntQmH1MSwN4rMP97Oera2PzxDh3DZPsrV6TETTKHNb1G7Jb6Z5A==
